
Microsoft Visual Studio Solution File, Format Version 12.00
# Visual Studio Version 17
VisualStudioVersion = 17.10.34916.146
MinimumVisualStudioVersion = 10.0.40219.1
Project("{FAE04EC0-301F-11D3-BF4B-00C04F79EFBC}") = "TempConverter", "TempConverter\TempConverter.csproj", "{AB1A93D2-E8E3-4E06-B942-9966BC5BA9BA}"
EndProject
Global
	GlobalSection(SolutionConfigurationPlatforms) = preSolution
		Debug|Any CPU = Debug|Any CPU
		Release|Any CPU = Release|Any CPU
	EndGlobalSection
	GlobalSection(ProjectConfigurationPlatforms) = postSolution
		{AB1A93D2-E8E3-4E06-B942-9966BC5BA9BA}.Debug|Any CPU.ActiveCfg = Debug|Any CPU
		{AB1A93D2-E8E3-4E06-B942-9966BC5BA9BA}.Debug|Any CPU.Build.0 = Debug|Any CPU
		{AB1A93D2-E8E3-4E06-B942-9966BC5BA9BA}.Release|Any CPU.ActiveCfg = Release|Any CPU
		{AB1A93D2-E8E3-4E06-B942-9966BC5BA9BA}.Release|Any CPU.Build.0 = Release|Any CPU
	EndGlobalSection
	GlobalSection(SolutionProperties) = preSolution
		HideSolutionNode = FALSE
	EndGlobalSection
	GlobalSection(ExtensibilityGlobals) = postSolution
		SolutionGuid = {D45EB715-4EBC-4652-93B9-C691A5FBCDD8}
	EndGlobalSection
EndGlobal
